// !$*UTF8*$!
{
	archiveVersion = 1;
	classes = {
	};
	objectVersion = 77;
	objects = {

/* Begin PBXBuildFile section */
		AA000001 /* MLXStudioApp.swift in Sources */ = {isa = PBXBuildFile; fileRef = BB000001; };
		AA000002 /* AppState.swift in Sources */ = {isa = PBXBuildFile; fileRef = BB000002; };
		AA000003 /* ChatMessage.swift in Sources */ = {isa = PBXBuildFile; fileRef = BB000003; };
		AA000004 /* LMModel.swift in Sources */ = {isa = PBXBuildFile; fileRef = BB000004; };
		AA000005 /* GenerationSettings.swift in Sources */ = {isa = PBXBuildFile; fileRef = BB000005; };
		AA000006 /* MLXEngine.swift in Sources */ = {isa = PBXBuildFile; fileRef = BB000006; };
		AA000007 /* ModelStorage.swift in Sources */ = {isa = PBXBuildFile; fileRef = BB000007; };
		AA000009 /* ContentView.swift in Sources */ = {isa = PBXBuildFile; fileRef = BB000009; };
		AA000010 /* ChatView.swift in Sources */ = {isa = PBXBuildFile; fileRef = BB000010; };
		AA000011 /* MessageBubbleView.swift in Sources */ = {isa = PBXBuildFile; fileRef = BB000011; };
		AA000012 /* ChatInspectorView.swift in Sources */ = {isa = PBXBuildFile; fileRef = BB000012; };
		AA000013 /* ModelsView.swift in Sources */ = {isa = PBXBuildFile; fileRef = BB000013; };
		AA000014 /* ServerView.swift in Sources */ = {isa = PBXBuildFile; fileRef = BB000014; };
		AA000015 /* SettingsView.swift in Sources */ = {isa = PBXBuildFile; fileRef = BB000015; };
		AA000016 /* Assets.xcassets in Resources */ = {isa = PBXBuildFile; fileRef = BB000016; };
		AA000017 /* HubIntegration.swift in Sources */ = {isa = PBXBuildFile; fileRef = BB000018; };
		AA000025 /* Persistence.swift in Sources */ = {isa = PBXBuildFile; fileRef = BB000026; };
		AA000026 /* InferencePreset.swift in Sources */ = {isa = PBXBuildFile; fileRef = BB000027; };
		AA000027 /* DeveloperView.swift in Sources */ = {isa = PBXBuildFile; fileRef = BB000028; };
		AA000028 /* DeveloperPlaygroundView.swift in Sources */ = {isa = PBXBuildFile; fileRef = BB000029; };
		AA000018 /* MLXLMEnvironment.swift in Sources */ = {isa = PBXBuildFile; fileRef = BB000019; };
		AA000019 /* MLXLMProcessManager.swift in Sources */ = {isa = PBXBuildFile; fileRef = BB000020; };
		AA000020 /* SetupView.swift in Sources */ = {isa = PBXBuildFile; fileRef = BB000021; };
		AA000021 /* install-mlx-lm.sh in Resources */ = {isa = PBXBuildFile; fileRef = BB000022; };
		AA000022 /* check-mlx-lm.sh in Resources */ = {isa = PBXBuildFile; fileRef = BB000023; };
		AA000023 /* start-mlx-lm-server.sh in Resources */ = {isa = PBXBuildFile; fileRef = BB000024; };
		AA000024 /* uninstall-mlx-lm.sh in Resources */ = {isa = PBXBuildFile; fileRef = BB000025; };
/* End PBXBuildFile section */

/* Begin PBXFileReference section */
		CC000001 /* MLXStudio.app */ = {isa = PBXFileReference; explicitFileType = wrapper.application; includeInIndex = 0; path = MLXStudio.app; sourceTree = BUILT_PRODUCTS_DIR; };
		BB000001 /* MLXStudioApp.swift */ = {isa = PBXFileReference; lastKnownFileType = sourcecode.swift; path = MLXStudioApp.swift; sourceTree = "<group>"; };
		BB000002 /* AppState.swift */ = {isa = PBXFileReference; lastKnownFileType = sourcecode.swift; path = AppState.swift; sourceTree = "<group>"; };
		BB000003 /* ChatMessage.swift */ = {isa = PBXFileReference; lastKnownFileType = sourcecode.swift; path = ChatMessage.swift; sourceTree = "<group>"; };
		BB000004 /* LMModel.swift */ = {isa = PBXFileReference; lastKnownFileType = sourcecode.swift; path = LMModel.swift; sourceTree = "<group>"; };
		BB000005 /* GenerationSettings.swift */ = {isa = PBXFileReference; lastKnownFileType = sourcecode.swift; path = GenerationSettings.swift; sourceTree = "<group>"; };
		BB000006 /* MLXEngine.swift */ = {isa = PBXFileReference; lastKnownFileType = sourcecode.swift; path = MLXEngine.swift; sourceTree = "<group>"; };
		BB000007 /* ModelStorage.swift */ = {isa = PBXFileReference; lastKnownFileType = sourcecode.swift; path = ModelStorage.swift; sourceTree = "<group>"; };
		BB000009 /* ContentView.swift */ = {isa = PBXFileReference; lastKnownFileType = sourcecode.swift; path = ContentView.swift; sourceTree = "<group>"; };
		BB000010 /* ChatView.swift */ = {isa = PBXFileReference; lastKnownFileType = sourcecode.swift; path = ChatView.swift; sourceTree = "<group>"; };
		BB000011 /* MessageBubbleView.swift */ = {isa = PBXFileReference; lastKnownFileType = sourcecode.swift; path = MessageBubbleView.swift; sourceTree = "<group>"; };
		BB000012 /* ChatInspectorView.swift */ = {isa = PBXFileReference; lastKnownFileType = sourcecode.swift; path = ChatInspectorView.swift; sourceTree = "<group>"; };
		BB000013 /* ModelsView.swift */ = {isa = PBXFileReference; lastKnownFileType = sourcecode.swift; path = ModelsView.swift; sourceTree = "<group>"; };
		BB000014 /* ServerView.swift */ = {isa = PBXFileReference; lastKnownFileType = sourcecode.swift; path = ServerView.swift; sourceTree = "<group>"; };
		BB000015 /* SettingsView.swift */ = {isa = PBXFileReference; lastKnownFileType = sourcecode.swift; path = SettingsView.swift; sourceTree = "<group>"; };
		BB000016 /* Assets.xcassets */ = {isa = PBXFileReference; lastKnownFileType = folder.assetcatalog; path = Assets.xcassets; sourceTree = "<group>"; };
		BB000017 /* MLXStudio.entitlements */ = {isa = PBXFileReference; lastKnownFileType = text.plist.entitlements; path = MLXStudio.entitlements; sourceTree = "<group>"; };
		BB000018 /* HubIntegration.swift */ = {isa = PBXFileReference; lastKnownFileType = sourcecode.swift; path = HubIntegration.swift; sourceTree = "<group>"; };
		BB000026 /* Persistence.swift */ = {isa = PBXFileReference; lastKnownFileType = sourcecode.swift; path = Persistence.swift; sourceTree = "<group>"; };
		BB000027 /* InferencePreset.swift */ = {isa = PBXFileReference; lastKnownFileType = sourcecode.swift; path = InferencePreset.swift; sourceTree = "<group>"; };
		BB000028 /* DeveloperView.swift */ = {isa = PBXFileReference; lastKnownFileType = sourcecode.swift; path = DeveloperView.swift; sourceTree = "<group>"; };
		BB000029 /* DeveloperPlaygroundView.swift */ = {isa = PBXFileReference; lastKnownFileType = sourcecode.swift; path = DeveloperPlaygroundView.swift; sourceTree = "<group>"; };
		BB000019 /* MLXLMEnvironment.swift */ = {isa = PBXFileReference; lastKnownFileType = sourcecode.swift; path = MLXLMEnvironment.swift; sourceTree = "<group>"; };
		BB000020 /* MLXLMProcessManager.swift */ = {isa = PBXFileReference; lastKnownFileType = sourcecode.swift; path = MLXLMProcessManager.swift; sourceTree = "<group>"; };
		BB000021 /* SetupView.swift */ = {isa = PBXFileReference; lastKnownFileType = sourcecode.swift; path = SetupView.swift; sourceTree = "<group>"; };
		BB000022 /* install-mlx-lm.sh */ = {isa = PBXFileReference; lastKnownFileType = text.script.sh; path = install-mlx-lm.sh; sourceTree = "<group>"; };
		BB000023 /* check-mlx-lm.sh */ = {isa = PBXFileReference; lastKnownFileType = text.script.sh; path = check-mlx-lm.sh; sourceTree = "<group>"; };
		BB000024 /* start-mlx-lm-server.sh */ = {isa = PBXFileReference; lastKnownFileType = text.script.sh; path = start-mlx-lm-server.sh; sourceTree = "<group>"; };
		BB000025 /* uninstall-mlx-lm.sh */ = {isa = PBXFileReference; lastKnownFileType = text.script.sh; path = uninstall-mlx-lm.sh; sourceTree = "<group>"; };
/* End PBXFileReference section */

/* Begin PBXFrameworksBuildPhase section */
		DD000001 /* Frameworks */ = {
			isa = PBXFrameworksBuildPhase;
			buildActionMask = 2147483647;
			files = (
			);
			runOnlyForDeploymentPostprocessing = 0;
		};
/* End PBXFrameworksBuildPhase section */

/* Begin PBXGroup section */
		EE000001 = {
			isa = PBXGroup;
			children = (
				EE000002 /* MLXStudio */,
				EE000003 /* Products */,
			);
			sourceTree = "<group>";
		};
		EE000002 /* MLXStudio */ = {
			isa = PBXGroup;
			children = (
				BB000001 /* MLXStudioApp.swift */,
				BB000002 /* AppState.swift */,
				EE000004 /* Models */,
				EE000005 /* Services */,
				EE000006 /* Views */,
				EE000007 /* Resources */,
				BB000017 /* MLXStudio.entitlements */,
			);
			path = MLXStudio;
			sourceTree = "<group>";
		};
		EE000003 /* Products */ = {
			isa = PBXGroup;
			children = (
				CC000001 /* MLXStudio.app */,
			);
			name = Products;
			sourceTree = "<group>";
		};
		EE000004 /* Models */ = {
			isa = PBXGroup;
			children = (
				BB000003 /* ChatMessage.swift */,
				BB000004 /* LMModel.swift */,
				BB000005 /* GenerationSettings.swift */,
				BB000027 /* InferencePreset.swift */,
			);
			path = Models;
			sourceTree = "<group>";
		};
		EE000005 /* Services */ = {
			isa = PBXGroup;
			children = (
				BB000006 /* MLXEngine.swift */,
				BB000007 /* ModelStorage.swift */,
				BB000018 /* HubIntegration.swift */,
				BB000019 /* MLXLMEnvironment.swift */,
				BB000020 /* MLXLMProcessManager.swift */,
				BB000026 /* Persistence.swift */,
			);
			path = Services;
			sourceTree = "<group>";
		};
		EE000006 /* Views */ = {
			isa = PBXGroup;
			children = (
				BB000009 /* ContentView.swift */,
				EE000008 /* Chat */,
				EE000009 /* Models */,
				EE000010 /* Server */,
				EE000011 /* Settings */,
				EE000012 /* Setup */,
				EE000014 /* Developer */,
			);
			path = Views;
			sourceTree = "<group>";
		};
		EE000007 /* Resources */ = {
			isa = PBXGroup;
			children = (
				BB000016 /* Assets.xcassets */,
				EE000013 /* Scripts */,
			);
			path = Resources;
			sourceTree = "<group>";
		};
		EE000012 /* Setup */ = {
			isa = PBXGroup;
			children = (
				BB000021 /* SetupView.swift */,
			);
			path = Setup;
			sourceTree = "<group>";
		};
		EE000013 /* Scripts */ = {
			isa = PBXGroup;
			children = (
				BB000022 /* install-mlx-lm.sh */,
				BB000023 /* check-mlx-lm.sh */,
				BB000024 /* start-mlx-lm-server.sh */,
				BB000025 /* uninstall-mlx-lm.sh */,
			);
			path = Scripts;
			sourceTree = "<group>";
		};
		EE000014 /* Developer */ = {
			isa = PBXGroup;
			children = (
				BB000028 /* DeveloperView.swift */,
				BB000029 /* DeveloperPlaygroundView.swift */,
			);
			path = Developer;
			sourceTree = "<group>";
		};
		EE000008 /* Chat */ = {
			isa = PBXGroup;
			children = (
				BB000010 /* ChatView.swift */,
				BB000011 /* MessageBubbleView.swift */,
				BB000012 /* ChatInspectorView.swift */,
			);
			path = Chat;
			sourceTree = "<group>";
		};
		EE000009 /* Models */ = {
			isa = PBXGroup;
			children = (
				BB000013 /* ModelsView.swift */,
			);
			path = Models;
			sourceTree = "<group>";
		};
		EE000010 /* Server */ = {
			isa = PBXGroup;
			children = (
				BB000014 /* ServerView.swift */,
			);
			path = Server;
			sourceTree = "<group>";
		};
		EE000011 /* Settings */ = {
			isa = PBXGroup;
			children = (
				BB000015 /* SettingsView.swift */,
			);
			path = Settings;
			sourceTree = "<group>";
		};
/* End PBXGroup section */

/* Begin PBXNativeTarget section */
		FF000001 /* MLXStudio */ = {
			isa = PBXNativeTarget;
			buildConfigurationList = FF000002 /* Build configuration list for PBXNativeTarget "MLXStudio" */;
			buildPhases = (
				FF000003 /* Sources */,
				DD000001 /* Frameworks */,
				FF000004 /* Resources */,
			);
			buildRules = (
			);
			dependencies = (
			);
			name = MLXStudio;
			packageProductDependencies = (
				PKG000001 /* MLXLLM */,
				PKG000002 /* MLXLMCommon */,
				PKG000004 /* HuggingFace */,
				PKG000005 /* Tokenizers */,
			);
			productName = MLXStudio;
			productReference = CC000001 /* MLXStudio.app */;
			productType = "com.apple.product-type.application";
		};
/* End PBXNativeTarget section */

/* Begin PBXProject section */
		GG000001 /* Project object */ = {
			isa = PBXProject;
			attributes = {
				BuildIndependentTargetsInParallel = 1;
				LastSwiftUpdateCheck = 2600;
				LastUpgradeCheck = 2600;
				TargetAttributes = {
					FF000001 = {
						CreatedOnToolsVersion = 26.0;
					};
				};
			};
			buildConfigurationList = GG000002 /* Build configuration list for PBXProject "MLXStudio" */;
			developmentRegion = en;
			hasScannedForEncodings = 0;
			knownRegions = (
				en,
				Base,
			);
			mainGroup = EE000001;
			minimizedProjectReferenceProxies = 1;
			packageReferences = (
				PKGREF001 /* XCRemoteSwiftPackageReference "mlx-swift-lm" */,
				PKGREF002 /* XCRemoteSwiftPackageReference "swift-huggingface" */,
				PKGREF003 /* XCRemoteSwiftPackageReference "swift-transformers" */,
			);
			preferredProjectObjectVersion = 77;
			productRefGroup = EE000003 /* Products */;
			projectDirPath = "";
			projectRoot = "";
			targets = (
				FF000001 /* MLXStudio */,
			);
		};
/* End PBXProject section */

/* Begin PBXResourcesBuildPhase section */
		FF000004 /* Resources */ = {
			isa = PBXResourcesBuildPhase;
			buildActionMask = 2147483647;
			files = (
				AA000016 /* Assets.xcassets in Resources */,
				AA000021 /* install-mlx-lm.sh in Resources */,
				AA000022 /* check-mlx-lm.sh in Resources */,
				AA000023 /* start-mlx-lm-server.sh in Resources */,
				AA000024 /* uninstall-mlx-lm.sh in Resources */,
			);
			runOnlyForDeploymentPostprocessing = 0;
		};
/* End PBXResourcesBuildPhase section */

/* Begin PBXSourcesBuildPhase section */
		FF000003 /* Sources */ = {
			isa = PBXSourcesBuildPhase;
			buildActionMask = 2147483647;
			files = (
				AA000001 /* MLXStudioApp.swift in Sources */,
				AA000002 /* AppState.swift in Sources */,
				AA000003 /* ChatMessage.swift in Sources */,
				AA000004 /* LMModel.swift in Sources */,
				AA000005 /* GenerationSettings.swift in Sources */,
				AA000006 /* MLXEngine.swift in Sources */,
				AA000007 /* ModelStorage.swift in Sources */,
				AA000009 /* ContentView.swift in Sources */,
				AA000010 /* ChatView.swift in Sources */,
				AA000011 /* MessageBubbleView.swift in Sources */,
				AA000012 /* ChatInspectorView.swift in Sources */,
				AA000013 /* ModelsView.swift in Sources */,
				AA000014 /* ServerView.swift in Sources */,
				AA000015 /* SettingsView.swift in Sources */,
				AA000017 /* HubIntegration.swift in Sources */,
				AA000018 /* MLXLMEnvironment.swift in Sources */,
				AA000019 /* MLXLMProcessManager.swift in Sources */,
				AA000020 /* SetupView.swift in Sources */,
				AA000025 /* Persistence.swift in Sources */,
				AA000026 /* InferencePreset.swift in Sources */,
				AA000027 /* DeveloperView.swift in Sources */,
				AA000028 /* DeveloperPlaygroundView.swift in Sources */,
			);
			runOnlyForDeploymentPostprocessing = 0;
		};
/* End PBXSourcesBuildPhase section */

/* Begin XCBuildConfiguration section */
		HH000001 /* Debug */ = {
			isa = XCBuildConfiguration;
			buildSettings = {
				ALWAYS_SEARCH_USER_PATHS = NO;
				ASSETCATALOG_COMPILER_GENERATE_SWIFT_ASSET_SYMBOL_EXTENSIONS = YES;
				CLANG_ANALYZER_NONNULL = YES;
				CLANG_CXX_LANGUAGE_STANDARD = "gnu++20";
				CLANG_ENABLE_MODULES = YES;
				CLANG_ENABLE_OBJC_ARC = YES;
				COPY_PHASE_STRIP = NO;
				DEBUG_INFORMATION_FORMAT = dwarf;
				ENABLE_STRICT_OBJC_MSGSEND = YES;
				ENABLE_TESTABILITY = YES;
				ENABLE_USER_SCRIPT_SANDBOXING = YES;
				GCC_DYNAMIC_NO_PIC = NO;
				GCC_OPTIMIZATION_LEVEL = 0;
				GCC_PREPROCESSOR_DEFINITIONS = (
					"DEBUG=1",
					"$(inherited)",
				);
				MACOSX_DEPLOYMENT_TARGET = 15.0;
				MTL_ENABLE_DEBUG_INFO = INCLUDE_SOURCE;
				ONLY_ACTIVE_ARCH = YES;
				SDKROOT = macosx;
				SWIFT_ACTIVE_COMPILATION_CONDITIONS = "DEBUG $(inherited)";
				SWIFT_OPTIMIZATION_LEVEL = "-Onone";
			};
			name = Debug;
		};
		HH000002 /* Release */ = {
			isa = XCBuildConfiguration;
			buildSettings = {
				ALWAYS_SEARCH_USER_PATHS = NO;
				ASSETCATALOG_COMPILER_GENERATE_SWIFT_ASSET_SYMBOL_EXTENSIONS = YES;
				CLANG_ANALYZER_NONNULL = YES;
				CLANG_CXX_LANGUAGE_STANDARD = "gnu++20";
				CLANG_ENABLE_MODULES = YES;
				CLANG_ENABLE_OBJC_ARC = YES;
				COPY_PHASE_STRIP = NO;
				DEBUG_INFORMATION_FORMAT = "dwarf-with-dsym";
				ENABLE_NS_ASSERTIONS = NO;
				ENABLE_STRICT_OBJC_MSGSEND = YES;
				ENABLE_USER_SCRIPT_SANDBOXING = YES;
				GCC_OPTIMIZATION_LEVEL = s;
				MACOSX_DEPLOYMENT_TARGET = 15.0;
				MTL_ENABLE_DEBUG_INFO = NO;
				SDKROOT = macosx;
				SWIFT_COMPILATION_MODE = wholemodule;
			};
			name = Release;
		};
		HH000003 /* Debug */ = {
			isa = XCBuildConfiguration;
			buildSettings = {
				ASSETCATALOG_COMPILER_APPICON_NAME = AppIcon;
				ASSETCATALOG_COMPILER_GLOBAL_ACCENT_COLOR_NAME = AccentColor;
				CODE_SIGN_ENTITLEMENTS = MLXStudio/MLXStudio.entitlements;
				CODE_SIGN_STYLE = Automatic;
				COMBINE_HIDPI_IMAGES = YES;
				CURRENT_PROJECT_VERSION = 1;
				DEVELOPMENT_TEAM = "";
				ENABLE_APP_SANDBOX = YES;
				ENABLE_HARDENED_RUNTIME = YES;
				ENABLE_PREVIEWS = YES;
				GENERATE_INFOPLIST_FILE = YES;
				INFOPLIST_KEY_CFBundleDisplayName = "MLX Studio";
				INFOPLIST_KEY_LSApplicationCategoryType = "public.app-category.developer-tools";
				INFOPLIST_KEY_NSHumanReadableCopyright = "";
				LD_RUNPATH_SEARCH_PATHS = (
					"$(inherited)",
					"@executable_path/../Frameworks",
				);
				MARKETING_VERSION = 1.0;
				PRODUCT_BUNDLE_IDENTIFIER = com.mlxstudio.app;
				PRODUCT_NAME = "$(TARGET_NAME)";
				REGISTER_APP_GROUPS = YES;
				SWIFT_EMIT_LOC_STRINGS = YES;
				SWIFT_STRICT_CONCURRENCY = complete;
				SWIFT_VERSION = 6.0;
			};
			name = Debug;
		};
		HH000004 /* Release */ = {
			isa = XCBuildConfiguration;
			buildSettings = {
				ASSETCATALOG_COMPILER_APPICON_NAME = AppIcon;
				ASSETCATALOG_COMPILER_GLOBAL_ACCENT_COLOR_NAME = AccentColor;
				CODE_SIGN_ENTITLEMENTS = MLXStudio/MLXStudio.entitlements;
				CODE_SIGN_STYLE = Automatic;
				COMBINE_HIDPI_IMAGES = YES;
				CURRENT_PROJECT_VERSION = 1;
				DEVELOPMENT_TEAM = "";
				ENABLE_APP_SANDBOX = YES;
				ENABLE_HARDENED_RUNTIME = YES;
				ENABLE_PREVIEWS = YES;
				GENERATE_INFOPLIST_FILE = YES;
				INFOPLIST_KEY_CFBundleDisplayName = "MLX Studio";
				INFOPLIST_KEY_LSApplicationCategoryType = "public.app-category.developer-tools";
				INFOPLIST_KEY_NSHumanReadableCopyright = "";
				LD_RUNPATH_SEARCH_PATHS = (
					"$(inherited)",
					"@executable_path/../Frameworks",
				);
				MARKETING_VERSION = 1.0;
				PRODUCT_BUNDLE_IDENTIFIER = com.mlxstudio.app;
				PRODUCT_NAME = "$(TARGET_NAME)";
				REGISTER_APP_GROUPS = YES;
				SWIFT_EMIT_LOC_STRINGS = YES;
				SWIFT_STRICT_CONCURRENCY = complete;
				SWIFT_VERSION = 6.0;
			};
			name = Release;
		};
/* End XCBuildConfiguration section */

/* Begin XCConfigurationList section */
		GG000002 /* Build configuration list for PBXProject "MLXStudio" */ = {
			isa = XCConfigurationList;
			buildConfigurations = (
				HH000001 /* Debug */,
				HH000002 /* Release */,
			);
			defaultConfigurationIsVisible = 0;
			defaultConfigurationName = Release;
		};
		FF000002 /* Build configuration list for PBXNativeTarget "MLXStudio" */ = {
			isa = XCConfigurationList;
			buildConfigurations = (
				HH000003 /* Debug */,
				HH000004 /* Release */,
			);
			defaultConfigurationIsVisible = 0;
			defaultConfigurationName = Release;
		};
/* End XCConfigurationList section */

/* Begin XCRemoteSwiftPackageReference section */
		PKGREF001 /* XCRemoteSwiftPackageReference "mlx-swift-lm" */ = {
			isa = XCRemoteSwiftPackageReference;
			repositoryURL = "https://github.com/ml-explore/mlx-swift-lm";
			requirement = {
				kind = upToNextMajorVersion;
				minimumVersion = 3.31.3;
			};
		};
		PKGREF002 /* XCRemoteSwiftPackageReference "swift-huggingface" */ = {
			isa = XCRemoteSwiftPackageReference;
			repositoryURL = "https://github.com/huggingface/swift-huggingface";
			requirement = {
				kind = upToNextMajorVersion;
				minimumVersion = 0.9.0;
			};
		};
		PKGREF003 /* XCRemoteSwiftPackageReference "swift-transformers" */ = {
			isa = XCRemoteSwiftPackageReference;
			repositoryURL = "https://github.com/huggingface/swift-transformers";
			requirement = {
				kind = upToNextMajorVersion;
				minimumVersion = 1.3.0;
			};
		};
/* End XCRemoteSwiftPackageReference section */

/* Begin XCSwiftPackageProductDependency section */
		PKG000001 /* MLXLLM */ = {
			isa = XCSwiftPackageProductDependency;
			package = PKGREF001 /* XCRemoteSwiftPackageReference "mlx-swift-lm" */;
			productName = MLXLLM;
		};
		PKG000002 /* MLXLMCommon */ = {
			isa = XCSwiftPackageProductDependency;
			package = PKGREF001 /* XCRemoteSwiftPackageReference "mlx-swift-lm" */;
			productName = MLXLMCommon;
		};
		PKG000004 /* HuggingFace */ = {
			isa = XCSwiftPackageProductDependency;
			package = PKGREF002 /* XCRemoteSwiftPackageReference "swift-huggingface" */;
			productName = HuggingFace;
		};
		PKG000005 /* Tokenizers */ = {
			isa = XCSwiftPackageProductDependency;
			package = PKGREF003 /* XCRemoteSwiftPackageReference "swift-transformers" */;
			productName = Tokenizers;
		};
/* End XCSwiftPackageProductDependency section */

	};
	rootObject = GG000001 /* Project object */;
}
